// !$*UTF8*$!
{
	archiveVersion = 1;
	classes = {
	};
	objectVersion = 77;
	objects = {

/* Begin PBXBuildFile section */
		4ED3EAEE2D95C41A004863E6 /* FirebaseAnalytics in Frameworks */ = {isa = PBXBuildFile; productRef = 4ED3EAED2D95C41A004863E6 /* FirebaseAnalytics */; };
		4ED3EAF02D95C41A004863E6 /* FirebaseAuth in Frameworks */ = {isa = PBXBuildFile; productRef = 4ED3EAEF2D95C41A004863E6 /* FirebaseAuth */; };
		4ED3EAF22D95C41A004863E6 /* FirebaseFirestore in Frameworks */ = {isa = PBXBuildFile; productRef = 4ED3EAF12D95C41A004863E6 /* FirebaseFirestore */; };
/* End PBXBuildFile section */

/* Begin PBXContainerItemProxy section */
		4EA2C74A2D7FED18004D32AF /* PBXContainerItemProxy */ = {
			isa = PBXContainerItemProxy;
			containerPortal = 4EA2C72F2D7FED17004D32AF /* Project object */;
			proxyType = 1;
			remoteGlobalIDString = 4EA2C7362D7FED17004D32AF;
			remoteInfo = TYOA;
		};
		4EA2C7542D7FED18004D32AF /* PBXContainerItemProxy */ = {
			isa = PBXContainerItemProxy;
			containerPortal = 4EA2C72F2D7FED17004D32AF /* Project object */;
			proxyType = 1;
			remoteGlobalIDString = 4EA2C7362D7FED17004D32AF;
			remoteInfo = TYOA;
		};
/* End PBXContainerItemProxy section */

/* Begin PBXFileReference section */
		4EA2C7372D7FED17004D32AF /* TYOA.app */ = {isa = PBXFileReference; explicitFileType = wrapper.application; includeInIndex = 0; path = TYOA.app; sourceTree = BUILT_PRODUCTS_DIR; };
		4EA2C7492D7FED18004D32AF /* TYOATests.xctest */ = {isa = PBXFileReference; explicitFileType = wrapper.cfbundle; includeInIndex = 0; path = TYOATests.xctest; sourceTree = BUILT_PRODUCTS_DIR; };
		4EA2C7532D7FED18004D32AF /* TYOAUITests.xctest */ = {isa = PBXFileReference; explicitFileType = wrapper.cfbundle; includeInIndex = 0; path = TYOAUITests.xctest; sourceTree = BUILT_PRODUCTS_DIR; };
/* End PBXFileReference section */

/* Begin PBXFileSystemSynchronizedBuildFileExceptionSet section */
		4E7FFA562D85E725006A10C0 /* Exceptions for "TYOA" folder in "TYOA" target */ = {
			isa = PBXFileSystemSynchronizedBuildFileExceptionSet;
			membershipExceptions = (
				Info.plist,
			);
			target = 4EA2C7362D7FED17004D32AF /* TYOA */;
		};
		4ED3EAF72D95C611004863E6 /* Exceptions for "TYOA" folder in "TYOATests" target */ = {
			isa = PBXFileSystemSynchronizedBuildFileExceptionSet;
			membershipExceptions = (
				App/Views/Components/AppBackgroundModifier.swift,
				App/Views/Components/CustomNavigationBar.swift,
				App/Views/Components/CustomSlider.swift,
				App/Views/Components/CustomSliderCard.swift,
				App/Views/Components/LogoHeader.swift,
				App/Views/Components/MainFlow/MoodEntryNavigation.swift,
				App/Views/Components/MainFlow/MoodEntrySteps.swift,
				App/Views/Components/MainFlow/StepProgressIndicator.swift,
				App/Views/Components/MainFlow/StepViews/EmotionInputView.swift,
				App/Views/Components/MainFlow/StepViews/TagSelectionView.swift,
				App/Views/Components/MainFlow/UserGreeting.swift,
				App/Views/Components/MoodEnergySlider.swift,
				App/Views/Components/SettingsRowView.swift,
				App/Views/LoadingView.swift,
				App/Views/Settings/SettingsView.swift,
				"GoogleService-Info.plist",
			);
			target = 4EA2C7482D7FED18004D32AF /* TYOATests */;
		};
		4ED3EAF82D95C611004863E6 /* Exceptions for "TYOA" folder in "TYOAUITests" target */ = {
			isa = PBXFileSystemSynchronizedBuildFileExceptionSet;
			membershipExceptions = (
				App/Views/Components/AppBackgroundModifier.swift,
				App/Views/Components/CustomNavigationBar.swift,
				App/Views/Components/CustomSlider.swift,
				App/Views/Components/CustomSliderCard.swift,
				App/Views/Components/LogoHeader.swift,
				App/Views/Components/MainFlow/MoodEntryNavigation.swift,
				App/Views/Components/MainFlow/MoodEntrySteps.swift,
				App/Views/Components/MainFlow/StepProgressIndicator.swift,
				App/Views/Components/MainFlow/StepViews/EmotionInputView.swift,
				App/Views/Components/MainFlow/StepViews/TagSelectionView.swift,
				App/Views/Components/MainFlow/UserGreeting.swift,
				App/Views/Components/MoodEnergySlider.swift,
				App/Views/Components/SettingsRowView.swift,
				App/Views/LoadingView.swift,
				App/Views/Settings/SettingsView.swift,
				"GoogleService-Info.plist",
			);
			target = 4EA2C7522D7FED18004D32AF /* TYOAUITests */;
		};
/* End PBXFileSystemSynchronizedBuildFileExceptionSet section */

/* Begin PBXFileSystemSynchronizedRootGroup section */
		4EA2C7392D7FED17004D32AF /* TYOA */ = {
			isa = PBXFileSystemSynchronizedRootGroup;
			exceptions = (
				4E7FFA562D85E725006A10C0 /* Exceptions for "TYOA" folder in "TYOA" target */,
				4ED3EAF72D95C611004863E6 /* Exceptions for "TYOA" folder in "TYOATests" target */,
				4ED3EAF82D95C611004863E6 /* Exceptions for "TYOA" folder in "TYOAUITests" target */,
			);
			path = TYOA;
			sourceTree = "<group>";
		};
		4EA2C74C2D7FED18004D32AF /* TYOATests */ = {
			isa = PBXFileSystemSynchronizedRootGroup;
			path = TYOATests;
			sourceTree = "<group>";
		};
		4EA2C7562D7FED18004D32AF /* TYOAUITests */ = {
			isa = PBXFileSystemSynchronizedRootGroup;
			path = TYOAUITests;
			sourceTree = "<group>";
		};
/* End PBXFileSystemSynchronizedRootGroup section */

/* Begin PBXFrameworksBuildPhase section */
		4EA2C7342D7FED17004D32AF /* Frameworks */ = {
			isa = PBXFrameworksBuildPhase;
			buildActionMask = 2147483647;
			files = (
				4ED3EAEE2D95C41A004863E6 /* FirebaseAnalytics in Frameworks */,
				4ED3EAF02D95C41A004863E6 /* FirebaseAuth in Frameworks */,
				4ED3EAF22D95C41A004863E6 /* FirebaseFirestore in Frameworks */,
			);
			runOnlyForDeploymentPostprocessing = 0;
		};
		4EA2C7462D7FED18004D32AF /* Frameworks */ = {
			isa = PBXFrameworksBuildPhase;
			buildActionMask = 2147483647;
			files = (
			);
			runOnlyForDeploymentPostprocessing = 0;
		};
		4EA2C7502D7FED18004D32AF /* Frameworks */ = {
			isa = PBXFrameworksBuildPhase;
			buildActionMask = 2147483647;
			files = (
			);
			runOnlyForDeploymentPostprocessing = 0;
		};
/* End PBXFrameworksBuildPhase section */

/* Begin PBXGroup section */
		4EA2C72E2D7FED17004D32AF = {
			isa = PBXGroup;
			children = (
				4EA2C7392D7FED17004D32AF /* TYOA */,
				4EA2C74C2D7FED18004D32AF /* TYOATests */,
				4EA2C7562D7FED18004D32AF /* TYOAUITests */,
				4EA2C7382D7FED17004D32AF /* Products */,
			);
			sourceTree = "<group>";
		};
		4EA2C7382D7FED17004D32AF /* Products */ = {
			isa = PBXGroup;
			children = (
				4EA2C7372D7FED17004D32AF /* TYOA.app */,
				4EA2C7492D7FED18004D32AF /* TYOATests.xctest */,
				4EA2C7532D7FED18004D32AF /* TYOAUITests.xctest */,
			);
			name = Products;
			sourceTree = "<group>";
		};
/* End PBXGroup section */

/* Begin PBXNativeTarget section */
		4EA2C7362D7FED17004D32AF /* TYOA */ = {
			isa = PBXNativeTarget;
			buildConfigurationList = 4EA2C75D2D7FED18004D32AF /* Build configuration list for PBXNativeTarget "TYOA" */;
			buildPhases = (
				4EA2C7332D7FED17004D32AF /* Sources */,
				4EA2C7342D7FED17004D32AF /* Frameworks */,
				4EA2C7352D7FED17004D32AF /* Resources */,
			);
			buildRules = (
			);
			dependencies = (
			);
			fileSystemSynchronizedGroups = (
				4EA2C7392D7FED17004D32AF /* TYOA */,
			);
			name = TYOA;
			packageProductDependencies = (
				4ED3EAED2D95C41A004863E6 /* FirebaseAnalytics */,
				4ED3EAEF2D95C41A004863E6 /* FirebaseAuth */,
				4ED3EAF12D95C41A004863E6 /* FirebaseFirestore */,
			);
			productName = TYOA;
			productReference = 4EA2C7372D7FED17004D32AF /* TYOA.app */;
			productType = "com.apple.product-type.application";
		};
		4EA2C7482D7FED18004D32AF /* TYOATests */ = {
			isa = PBXNativeTarget;
			buildConfigurationList = 4EA2C7602D7FED18004D32AF /* Build configuration list for PBXNativeTarget "TYOATests" */;
			buildPhases = (
				4EA2C7452D7FED18004D32AF /* Sources */,
				4EA2C7462D7FED18004D32AF /* Frameworks */,
				4EA2C7472D7FED18004D32AF /* Resources */,
			);
			buildRules = (
			);
			dependencies = (
				4EA2C74B2D7FED18004D32AF /* PBXTargetDependency */,
			);
			fileSystemSynchronizedGroups = (
				4EA2C74C2D7FED18004D32AF /* TYOATests */,
			);
			name = TYOATests;
			packageProductDependencies = (
			);
			productName = TYOATests;
			productReference = 4EA2C7492D7FED18004D32AF /* TYOATests.xctest */;
			productType = "com.apple.product-type.bundle.unit-test";
		};
		4EA2C7522D7FED18004D32AF /* TYOAUITests */ = {
			isa = PBXNativeTarget;
			buildConfigurationList = 4EA2C7632D7FED18004D32AF /* Build configuration list for PBXNativeTarget "TYOAUITests" */;
			buildPhases = (
				4EA2C74F2D7FED18004D32AF /* Sources */,
				4EA2C7502D7FED18004D32AF /* Frameworks */,
				4EA2C7512D7FED18004D32AF /* Resources */,
			);
			buildRules = (
			);
			dependencies = (
				4EA2C7552D7FED18004D32AF /* PBXTargetDependency */,
			);
			fileSystemSynchronizedGroups = (
				4EA2C7562D7FED18004D32AF /* TYOAUITests */,
			);
			name = TYOAUITests;
			packageProductDependencies = (
			);
			productName = TYOAUITests;
			productReference = 4EA2C7532D7FED18004D32AF /* TYOAUITests.xctest */;
			productType = "com.apple.product-type.bundle.ui-testing";
		};
/* End PBXNativeTarget section */

/* Begin PBXProject section */
		4EA2C72F2D7FED17004D32AF /* Project object */ = {
			isa = PBXProject;
			attributes = {
				BuildIndependentTargetsInParallel = 1;
				LastSwiftUpdateCheck = 1620;
				LastUpgradeCheck = 1620;
				TargetAttributes = {
					4EA2C7362D7FED17004D32AF = {
						CreatedOnToolsVersion = 16.2;
					};
					4EA2C7482D7FED18004D32AF = {
						CreatedOnToolsVersion = 16.2;
						TestTargetID = 4EA2C7362D7FED17004D32AF;
					};
					4EA2C7522D7FED18004D32AF = {
						CreatedOnToolsVersion = 16.2;
						TestTargetID = 4EA2C7362D7FED17004D32AF;
					};
				};
			};
			buildConfigurationList = 4EA2C7322D7FED17004D32AF /* Build configuration list for PBXProject "TYOA" */;
			developmentRegion = en;
			hasScannedForEncodings = 0;
			knownRegions = (
				en,
				Base,
			);
			mainGroup = 4EA2C72E2D7FED17004D32AF;
			minimizedProjectReferenceProxies = 1;
			packageReferences = (
				4ED3EAEC2D95C41A004863E6 /* XCRemoteSwiftPackageReference "firebase-ios-sdk" */,
			);
			preferredProjectObjectVersion = 77;
			productRefGroup = 4EA2C7382D7FED17004D32AF /* Products */;
			projectDirPath = "";
			projectRoot = "";
			targets = (
				4EA2C7362D7FED17004D32AF /* TYOA */,
				4EA2C7482D7FED18004D32AF /* TYOATests */,
				4EA2C7522D7FED18004D32AF /* TYOAUITests */,
			);
		};
/* End PBXProject section */

/* Begin PBXResourcesBuildPhase section */
		4EA2C7352D7FED17004D32AF /* Resources */ = {
			isa = PBXResourcesBuildPhase;
			buildActionMask = 2147483647;
			files = (
			);
			runOnlyForDeploymentPostprocessing = 0;
		};
		4EA2C7472D7FED18004D32AF /* Resources */ = {
			isa = PBXResourcesBuildPhase;
			buildActionMask = 2147483647;
			files = (
			);
			runOnlyForDeploymentPostprocessing = 0;
		};
		4EA2C7512D7FED18004D32AF /* Resources */ = {
			isa = PBXResourcesBuildPhase;
			buildActionMask = 2147483647;
			files = (
			);
			runOnlyForDeploymentPostprocessing = 0;
		};
/* End PBXResourcesBuildPhase section */

/* Begin PBXSourcesBuildPhase section */
		4EA2C7332D7FED17004D32AF /* Sources */ = {
			isa = PBXSourcesBuildPhase;
			buildActionMask = 2147483647;
			files = (
			);
			runOnlyForDeploymentPostprocessing = 0;
		};
		4EA2C7452D7FED18004D32AF /* Sources */ = {
			isa = PBXSourcesBuildPhase;
			buildActionMask = 2147483647;
			files = (
			);
			runOnlyForDeploymentPostprocessing = 0;
		};
		4EA2C74F2D7FED18004D32AF /* Sources */ = {
			isa = PBXSourcesBuildPhase;
			buildActionMask = 2147483647;
			files = (
			);
			runOnlyForDeploymentPostprocessing = 0;
		};
/* End PBXSourcesBuildPhase section */

/* Begin PBXTargetDependency section */
		4EA2C74B2D7FED18004D32AF /* PBXTargetDependency */ = {
			isa = PBXTargetDependency;
			target = 4EA2C7362D7FED17004D32AF /* TYOA */;
			targetProxy = 4EA2C74A2D7FED18004D32AF /* PBXContainerItemProxy */;
		};
		4EA2C7552D7FED18004D32AF /* PBXTargetDependency */ = {
			isa = PBXTargetDependency;
			target = 4EA2C7362D7FED17004D32AF /* TYOA */;
			targetProxy = 4EA2C7542D7FED18004D32AF /* PBXContainerItemProxy */;
		};
/* End PBXTargetDependency section */

/* Begin XCBuildConfiguration section */
		4EA2C75B2D7FED18004D32AF /* Debug */ = {
			isa = XCBuildConfiguration;
			buildSettings = {
				ALWAYS_SEARCH_USER_PATHS = NO;
				ASSETCATALOG_COMPILER_GENERATE_SWIFT_ASSET_SYMBOL_EXTENSIONS = YES;
				CLANG_ANALYZER_NONNULL = YES;
				CLANG_ANALYZER_NUMBER_OBJECT_CONVERSION = YES_AGGRESSIVE;
				CLANG_CXX_LANGUAGE_STANDARD = "gnu++20";
				CLANG_ENABLE_MODULES = YES;
				CLANG_ENABLE_OBJC_ARC = YES;
				CLANG_ENABLE_OBJC_WEAK = YES;
				CLANG_WARN_BLOCK_CAPTURE_AUTORELEASING = YES;
				CLANG_WARN_BOOL_CONVERSION = YES;
				CLANG_WARN_COMMA = YES;
				CLANG_WARN_CONSTANT_CONVERSION = YES;
				CLANG_WARN_DEPRECATED_OBJC_IMPLEMENTATIONS = YES;
				CLANG_WARN_DIRECT_OBJC_ISA_USAGE = YES_ERROR;
				CLANG_WARN_DOCUMENTATION_COMMENTS = YES;
				CLANG_WARN_EMPTY_BODY = YES;
				CLANG_WARN_ENUM_CONVERSION = YES;
				CLANG_WARN_INFINITE_RECURSION = YES;
				CLANG_WARN_INT_CONVERSION = YES;
				CLANG_WARN_NON_LITERAL_NULL_CONVERSION = YES;
				CLANG_WARN_OBJC_IMPLICIT_RETAIN_SELF = YES;
				CLANG_WARN_OBJC_LITERAL_CONVERSION = YES;
				CLANG_WARN_OBJC_ROOT_CLASS = YES_ERROR;
				CLANG_WARN_QUOTED_INCLUDE_IN_FRAMEWORK_HEADER = YES;
				CLANG_WARN_RANGE_LOOP_ANALYSIS = YES;
				CLANG_WARN_STRICT_PROTOTYPES = YES;
				CLANG_WARN_SUSPICIOUS_MOVE = YES;
				CLANG_WARN_UNGUARDED_AVAILABILITY = YES_AGGRESSIVE;
				CLANG_WARN_UNREACHABLE_CODE = YES;
				CLANG_WARN__DUPLICATE_METHOD_MATCH = YES;
				COPY_PHASE_STRIP = NO;
				DEBUG_INFORMATION_FORMAT = dwarf;
				ENABLE_STRICT_OBJC_MSGSEND = YES;
				ENABLE_TESTABILITY = YES;
				ENABLE_USER_SCRIPT_SANDBOXING = YES;
				GCC_C_LANGUAGE_STANDARD = gnu17;
				GCC_DYNAMIC_NO_PIC = NO;
				GCC_NO_COMMON_BLOCKS = YES;
				GCC_OPTIMIZATION_LEVEL = 0;
				GCC_PREPROCESSOR_DEFINITIONS = (
					"DEBUG=1",
					"$(inherited)",
				);
				GCC_WARN_64_TO_32_BIT_CONVERSION = YES;
				GCC_WARN_ABOUT_RETURN_TYPE = YES_ERROR;
				GCC_WARN_UNDECLARED_SELECTOR = YES;
				GCC_WARN_UNINITIALIZED_AUTOS = YES_AGGRESSIVE;
				GCC_WARN_UNUSED_FUNCTION = YES;
				GCC_WARN_UNUSED_VARIABLE = YES;
				IPHONEOS_DEPLOYMENT_TARGET = 18.2;
				LOCALIZATION_PREFERS_STRING_CATALOGS = YES;
				MTL_ENABLE_DEBUG_INFO = INCLUDE_SOURCE;
				MTL_FAST_MATH = YES;
				ONLY_ACTIVE_ARCH = YES;
				OTHER_LDFLAGS = "-ObjC";
				SDKROOT = iphoneos;
				SWIFT_ACTIVE_COMPILATION_CONDITIONS = "DEBUG $(inherited)";
				SWIFT_OPTIMIZATION_LEVEL = "-Onone";
			};
			name = Debug;
		};
		4EA2C75C2D7FED18004D32AF /* Release */ = {
			isa = XCBuildConfiguration;
			buildSettings = {
				ALWAYS_SEARCH_USER_PATHS = NO;
				ASSETCATALOG_COMPILER_GENERATE_SWIFT_ASSET_SYMBOL_EXTENSIONS = YES;
				CLANG_ANALYZER_NONNULL = YES;
				CLANG_ANALYZER_NUMBER_OBJECT_CONVERSION = YES_AGGRESSIVE;
				CLANG_CXX_LANGUAGE_STANDARD = "gnu++20";
				CLANG_ENABLE_MODULES = YES;
				CLANG_ENABLE_OBJC_ARC = YES;
				CLANG_ENABLE_OBJC_WEAK = YES;
				CLANG_WARN_BLOCK_CAPTURE_AUTORELEASING = YES;
				CLANG_WARN_BOOL_CONVERSION = YES;
				CLANG_WARN_COMMA = YES;
				CLANG_WARN_CONSTANT_CONVERSION = YES;
				CLANG_WARN_DEPRECATED_OBJC_IMPLEMENTATIONS = YES;
				CLANG_WARN_DIRECT_OBJC_ISA_USAGE = YES_ERROR;
				CLANG_WARN_DOCUMENTATION_COMMENTS = YES;
				CLANG_WARN_EMPTY_BODY = YES;
				CLANG_WARN_ENUM_CONVERSION = YES;
				CLANG_WARN_INFINITE_RECURSION = YES;
				CLANG_WARN_INT_CONVERSION = YES;
				CLANG_WARN_NON_LITERAL_NULL_CONVERSION = YES;
				CLANG_WARN_OBJC_IMPLICIT_RETAIN_SELF = YES;
				CLANG_WARN_OBJC_LITERAL_CONVERSION = YES;
				CLANG_WARN_OBJC_ROOT_CLASS = YES_ERROR;
				CLANG_WARN_QUOTED_INCLUDE_IN_FRAMEWORK_HEADER = YES;
				CLANG_WARN_RANGE_LOOP_ANALYSIS = YES;
				CLANG_WARN_STRICT_PROTOTYPES = YES;
				CLANG_WARN_SUSPICIOUS_MOVE = YES;
				CLANG_WARN_UNGUARDED_AVAILABILITY = YES_AGGRESSIVE;
				CLANG_WARN_UNREACHABLE_CODE = YES;
				CLANG_WARN__DUPLICATE_METHOD_MATCH = YES;
				COPY_PHASE_STRIP = NO;
				DEBUG_INFORMATION_FORMAT = "dwarf-with-dsym";
				ENABLE_NS_ASSERTIONS = NO;
				ENABLE_STRICT_OBJC_MSGSEND = YES;
				ENABLE_USER_SCRIPT_SANDBOXING = YES;
				GCC_C_LANGUAGE_STANDARD = gnu17;
				GCC_NO_COMMON_BLOCKS = YES;
				GCC_WARN_64_TO_32_BIT_CONVERSION = YES;
				GCC_WARN_ABOUT_RETURN_TYPE = YES_ERROR;
				GCC_WARN_UNDECLARED_SELECTOR = YES;
				GCC_WARN_UNINITIALIZED_AUTOS = YES_AGGRESSIVE;
				GCC_WARN_UNUSED_FUNCTION = YES;
				GCC_WARN_UNUSED_VARIABLE = YES;
				IPHONEOS_DEPLOYMENT_TARGET = 18.2;
				LOCALIZATION_PREFERS_STRING_CATALOGS = YES;
				MTL_ENABLE_DEBUG_INFO = NO;
				MTL_FAST_MATH = YES;
				OTHER_LDFLAGS = "-ObjC";
				SDKROOT = iphoneos;
				SWIFT_COMPILATION_MODE = wholemodule;
				VALIDATE_PRODUCT = YES;
			};
			name = Release;
		};
		4EA2C75E2D7FED18004D32AF /* Debug */ = {
			isa = XCBuildConfiguration;
			buildSettings = {
				ASSETCATALOG_COMPILER_APPICON_NAME = AppIcon;
				ASSETCATALOG_COMPILER_GLOBAL_ACCENT_COLOR_NAME = AccentColor;
				CODE_SIGN_STYLE = Automatic;
				CURRENT_PROJECT_VERSION = 1;
				DEVELOPMENT_ASSET_PATHS = "\"TYOA/Preview Content\"";
				DEVELOPMENT_TEAM = KSUCMPKC4S;
				ENABLE_PREVIEWS = YES;
				GENERATE_INFOPLIST_FILE = YES;
				INFOPLIST_FILE = TYOA/Info.plist;
				INFOPLIST_KEY_UIApplicationSceneManifest_Generation = YES;
				INFOPLIST_KEY_UIApplicationSupportsIndirectInputEvents = YES;
				INFOPLIST_KEY_UISupportedInterfaceOrientations_iPad = "UIInterfaceOrientationPortrait UIInterfaceOrientationPortraitUpsideDown UIInterfaceOrientationLandscapeLeft UIInterfaceOrientationLandscapeRight";
				INFOPLIST_KEY_UISupportedInterfaceOrientations_iPhone = "UIInterfaceOrientationPortrait UIInterfaceOrientationLandscapeLeft UIInterfaceOrientationLandscapeRight";
				LD_RUNPATH_SEARCH_PATHS = (
					"$(inherited)",
					"@executable_path/Frameworks",
				);
				MARKETING_VERSION = 1.0;
				PRODUCT_BUNDLE_IDENTIFIER = com.ryanwilliamsdev.TYOA;
				PRODUCT_NAME = "$(TARGET_NAME)";
				SWIFT_EMIT_LOC_STRINGS = YES;
				SWIFT_VERSION = 5.0;
				TARGETED_DEVICE_FAMILY = "1,2";
			};
			name = Debug;
		};
		4EA2C75F2D7FED18004D32AF /* Release */ = {
			isa = XCBuildConfiguration;
			buildSettings = {
				ASSETCATALOG_COMPILER_APPICON_NAME = AppIcon;
				ASSETCATALOG_COMPILER_GLOBAL_ACCENT_COLOR_NAME = AccentColor;
				CODE_SIGN_STYLE = Automatic;
				CURRENT_PROJECT_VERSION = 1;
				DEVELOPMENT_ASSET_PATHS = "\"TYOA/Preview Content\"";
				DEVELOPMENT_TEAM = KSUCMPKC4S;
				ENABLE_PREVIEWS = YES;
				GENERATE_INFOPLIST_FILE = YES;
				INFOPLIST_FILE = TYOA/Info.plist;
				INFOPLIST_KEY_UIApplicationSceneManifest_Generation = YES;
				INFOPLIST_KEY_UIApplicationSupportsIndirectInputEvents = YES;
				INFOPLIST_KEY_UISupportedInterfaceOrientations_iPad = "UIInterfaceOrientationPortrait UIInterfaceOrientationPortraitUpsideDown UIInterfaceOrientationLandscapeLeft UIInterfaceOrientationLandscapeRight";
				INFOPLIST_KEY_UISupportedInterfaceOrientations_iPhone = "UIInterfaceOrientationPortrait UIInterfaceOrientationLandscapeLeft UIInterfaceOrientationLandscapeRight";
				LD_RUNPATH_SEARCH_PATHS = (
					"$(inherited)",
					"@executable_path/Frameworks",
				);
				MARKETING_VERSION = 1.0;
				PRODUCT_BUNDLE_IDENTIFIER = com.ryanwilliamsdev.TYOA;
				PRODUCT_NAME = "$(TARGET_NAME)";
				SWIFT_EMIT_LOC_STRINGS = YES;
				SWIFT_VERSION = 5.0;
				TARGETED_DEVICE_FAMILY = "1,2";
			};
			name = Release;
		};
		4EA2C7612D7FED18004D32AF /* Debug */ = {
			isa = XCBuildConfiguration;
			buildSettings = {
				BUNDLE_LOADER = "$(TEST_HOST)";
				CODE_SIGN_STYLE = Automatic;
				CURRENT_PROJECT_VERSION = 1;
				DEVELOPMENT_TEAM = KSUCMPKC4S;
				GENERATE_INFOPLIST_FILE = YES;
				IPHONEOS_DEPLOYMENT_TARGET = 18.2;
				MARKETING_VERSION = 1.0;
				PRODUCT_BUNDLE_IDENTIFIER = com.ryanwilliamsdev.TYOATests;
				PRODUCT_NAME = "$(TARGET_NAME)";
				SWIFT_EMIT_LOC_STRINGS = NO;
				SWIFT_VERSION = 5.0;
				TARGETED_DEVICE_FAMILY = "1,2";
				TEST_HOST = "$(BUILT_PRODUCTS_DIR)/TYOA.app/$(BUNDLE_EXECUTABLE_FOLDER_PATH)/TYOA";
			};
			name = Debug;
		};
		4EA2C7622D7FED18004D32AF /* Release */ = {
			isa = XCBuildConfiguration;
			buildSettings = {
				BUNDLE_LOADER = "$(TEST_HOST)";
				CODE_SIGN_STYLE = Automatic;
				CURRENT_PROJECT_VERSION = 1;
				DEVELOPMENT_TEAM = KSUCMPKC4S;
				GENERATE_INFOPLIST_FILE = YES;
				IPHONEOS_DEPLOYMENT_TARGET = 18.2;
				MARKETING_VERSION = 1.0;
				PRODUCT_BUNDLE_IDENTIFIER = com.ryanwilliamsdev.TYOATests;
				PRODUCT_NAME = "$(TARGET_NAME)";
				SWIFT_EMIT_LOC_STRINGS = NO;
				SWIFT_VERSION = 5.0;
				TARGETED_DEVICE_FAMILY = "1,2";
				TEST_HOST = "$(BUILT_PRODUCTS_DIR)/TYOA.app/$(BUNDLE_EXECUTABLE_FOLDER_PATH)/TYOA";
			};
			name = Release;
		};
		4EA2C7642D7FED18004D32AF /* Debug */ = {
			isa = XCBuildConfiguration;
			buildSettings = {
				CODE_SIGN_STYLE = Automatic;
				CURRENT_PROJECT_VERSION = 1;
				DEVELOPMENT_TEAM = KSUCMPKC4S;
				GENERATE_INFOPLIST_FILE = YES;
				MARKETING_VERSION = 1.0;
				PRODUCT_BUNDLE_IDENTIFIER = com.ryanwilliamsdev.TYOAUITests;
				PRODUCT_NAME = "$(TARGET_NAME)";
				SWIFT_EMIT_LOC_STRINGS = NO;
				SWIFT_VERSION = 5.0;
				TARGETED_DEVICE_FAMILY = "1,2";
				TEST_TARGET_NAME = TYOA;
			};
			name = Debug;
		};
		4EA2C7652D7FED18004D32AF /* Release */ = {
			isa = XCBuildConfiguration;
			buildSettings = {
				CODE_SIGN_STYLE = Automatic;
				CURRENT_PROJECT_VERSION = 1;
				DEVELOPMENT_TEAM = KSUCMPKC4S;
				GENERATE_INFOPLIST_FILE = YES;
				MARKETING_VERSION = 1.0;
				PRODUCT_BUNDLE_IDENTIFIER = com.ryanwilliamsdev.TYOAUITests;
				PRODUCT_NAME = "$(TARGET_NAME)";
				SWIFT_EMIT_LOC_STRINGS = NO;
				SWIFT_VERSION = 5.0;
				TARGETED_DEVICE_FAMILY = "1,2";
				TEST_TARGET_NAME = TYOA;
			};
			name = Release;
		};
/* End XCBuildConfiguration section */

/* Begin XCConfigurationList section */
		4EA2C7322D7FED17004D32AF /* Build configuration list for PBXProject "TYOA" */ = {
			isa = XCConfigurationList;
			buildConfigurations = (
				4EA2C75B2D7FED18004D32AF /* Debug */,
				4EA2C75C2D7FED18004D32AF /* Release */,
			);
			defaultConfigurationIsVisible = 0;
			defaultConfigurationName = Release;
		};
		4EA2C75D2D7FED18004D32AF /* Build configuration list for PBXNativeTarget "TYOA" */ = {
			isa = XCConfigurationList;
			buildConfigurations = (
				4EA2C75E2D7FED18004D32AF /* Debug */,
				4EA2C75F2D7FED18004D32AF /* Release */,
			);
			defaultConfigurationIsVisible = 0;
			defaultConfigurationName = Release;
		};
		4EA2C7602D7FED18004D32AF /* Build configuration list for PBXNativeTarget "TYOATests" */ = {
			isa = XCConfigurationList;
			buildConfigurations = (
				4EA2C7612D7FED18004D32AF /* Debug */,
				4EA2C7622D7FED18004D32AF /* Release */,
			);
			defaultConfigurationIsVisible = 0;
			defaultConfigurationName = Release;
		};
		4EA2C7632D7FED18004D32AF /* Build configuration list for PBXNativeTarget "TYOAUITests" */ = {
			isa = XCConfigurationList;
			buildConfigurations = (
				4EA2C7642D7FED18004D32AF /* Debug */,
				4EA2C7652D7FED18004D32AF /* Release */,
			);
			defaultConfigurationIsVisible = 0;
			defaultConfigurationName = Release;
		};
/* End XCConfigurationList section */

/* Begin XCRemoteSwiftPackageReference section */
		4ED3EAEC2D95C41A004863E6 /* XCRemoteSwiftPackageReference "firebase-ios-sdk" */ = {
			isa = XCRemoteSwiftPackageReference;
			repositoryURL = "https://github.com/firebase/firebase-ios-sdk.git";
			requirement = {
				kind = upToNextMajorVersion;
				minimumVersion = 11.10.0;
			};
		};
/* End XCRemoteSwiftPackageReference section */

/* Begin XCSwiftPackageProductDependency section */
		4ED3EAED2D95C41A004863E6 /* FirebaseAnalytics */ = {
			isa = XCSwiftPackageProductDependency;
			package = 4ED3EAEC2D95C41A004863E6 /* XCRemoteSwiftPackageReference "firebase-ios-sdk" */;
			productName = FirebaseAnalytics;
		};
		4ED3EAEF2D95C41A004863E6 /* FirebaseAuth */ = {
			isa = XCSwiftPackageProductDependency;
			package = 4ED3EAEC2D95C41A004863E6 /* XCRemoteSwiftPackageReference "firebase-ios-sdk" */;
			productName = FirebaseAuth;
		};
		4ED3EAF12D95C41A004863E6 /* FirebaseFirestore */ = {
			isa = XCSwiftPackageProductDependency;
			package = 4ED3EAEC2D95C41A004863E6 /* XCRemoteSwiftPackageReference "firebase-ios-sdk" */;
			productName = FirebaseFirestore;
		};
/* End XCSwiftPackageProductDependency section */
	};
	rootObject = 4EA2C72F2D7FED17004D32AF /* Project object */;
}
